
Microsoft Visual Studio Solution File, Format Version 12.00
# Visual Studio Version 17
VisualStudioVersion = 17.2.32526.322
MinimumVisualStudioVersion = 10.0.40219.1
Project("{FAE04EC0-301F-11D3-BF4B-00C04F79EFBC}") = "UIWeb", "RentACar\UIWeb.csproj", "{A6EC0F99-CD80-44E6-B65D-52023C882D43}"
EndProject
Project("{FAE04EC0-301F-11D3-BF4B-00C04F79EFBC}") = "Business", "Business\Business.csproj", "{FEE81CE0-3A1B-4951-87A0-9DA554EEA5A6}"
EndProject
Project("{FAE04EC0-301F-11D3-BF4B-00C04F79EFBC}") = "Core", "Core\Core.csproj", "{C88B5D09-008C-4456-8E19-1CA21BA2F861}"
EndProject
Project("{FAE04EC0-301F-11D3-BF4B-00C04F79EFBC}") = "DataAccess", "DataAccess\DataAccess.csproj", "{45FEB11F-180D-466F-8869-44ACB7FC1C8E}"
EndProject
Project("{FAE04EC0-301F-11D3-BF4B-00C04F79EFBC}") = "Entities", "Entities\Entities.csproj", "{65FC84F7-0A26-4F30-B5DA-E0126BE72E46}"
EndProject
Global
	GlobalSection(SolutionConfigurationPlatforms) = preSolution
		Debug|Any CPU = Debug|Any CPU
		Release|Any CPU = Release|Any CPU
	EndGlobalSection
	GlobalSection(ProjectConfigurationPlatforms) = postSolution
		{A6EC0F99-CD80-44E6-B65D-52023C882D43}.Debug|Any CPU.ActiveCfg = Debug|Any CPU
		{A6EC0F99-CD80-44E6-B65D-52023C882D43}.Debug|Any CPU.Build.0 = Debug|Any CPU
		{A6EC0F99-CD80-44E6-B65D-52023C882D43}.Release|Any CPU.ActiveCfg = Release|Any CPU
		{A6EC0F99-CD80-44E6-B65D-52023C882D43}.Release|Any CPU.Build.0 = Release|Any CPU
		{FEE81CE0-3A1B-4951-87A0-9DA554EEA5A6}.Debug|Any CPU.ActiveCfg = Debug|Any CPU
		{FEE81CE0-3A1B-4951-87A0-9DA554EEA5A6}.Debug|Any CPU.Build.0 = Debug|Any CPU
		{FEE81CE0-3A1B-4951-87A0-9DA554EEA5A6}.Release|Any CPU.ActiveCfg = Release|Any CPU
		{FEE81CE0-3A1B-4951-87A0-9DA554EEA5A6}.Release|Any CPU.Build.0 = Release|Any CPU
		{C88B5D09-008C-4456-8E19-1CA21BA2F861}.Debug|Any CPU.ActiveCfg = Debug|Any CPU
		{C88B5D09-008C-4456-8E19-1CA21BA2F861}.Debug|Any CPU.Build.0 = Debug|Any CPU
		{C88B5D09-008C-4456-8E19-1CA21BA2F861}.Release|Any CPU.ActiveCfg = Release|Any CPU
		{C88B5D09-008C-4456-8E19-1CA21BA2F861}.Release|Any CPU.Build.0 = Release|Any CPU
		{45FEB11F-180D-466F-8869-44ACB7FC1C8E}.Debug|Any CPU.ActiveCfg = Debug|Any CPU
		{45FEB11F-180D-466F-8869-44ACB7FC1C8E}.Debug|Any CPU.Build.0 = Debug|Any CPU
		{45FEB11F-180D-466F-8869-44ACB7FC1C8E}.Release|Any CPU.ActiveCfg = Release|Any CPU
		{45FEB11F-180D-466F-8869-44ACB7FC1C8E}.Release|Any CPU.Build.0 = Release|Any CPU
		{65FC84F7-0A26-4F30-B5DA-E0126BE72E46}.Debug|Any CPU.ActiveCfg = Debug|Any CPU
		{65FC84F7-0A26-4F30-B5DA-E0126BE72E46}.Debug|Any CPU.Build.0 = Debug|Any CPU
		{65FC84F7-0A26-4F30-B5DA-E0126BE72E46}.Release|Any CPU.ActiveCfg = Release|Any CPU
		{65FC84F7-0A26-4F30-B5DA-E0126BE72E46}.Release|Any CPU.Build.0 = Release|Any CPU
	EndGlobalSection
	GlobalSection(SolutionProperties) = preSolution
		HideSolutionNode = FALSE
	EndGlobalSection
	GlobalSection(ExtensibilityGlobals) = postSolution
		SolutionGuid = {69EECA32-8E4F-405F-990B-1A4569A9B8A5}
	EndGlobalSection
EndGlobal
